
Microsoft Visual Studio Solution File, Format Version 12.00
# Visual Studio Version 17
VisualStudioVersion = 17.7.34024.191
MinimumVisualStudioVersion = 10.0.40219.1
Project("{9A19103F-16F7-4668-BE54-9A1E7A4F7556}") = "MovieCatalog.Domain", "MovieCatalog.Domain\MovieCatalog.Domain.csproj", "{B07EA40D-399D-4D6D-A581-746FBE7AF2AD}"
EndProject
Project("{9A19103F-16F7-4668-BE54-9A1E7A4F7556}") = "MovieCatalog.Application", "MovieCatalog.Application\MovieCatalog.Application.csproj", "{55D56D4A-07E8-49F7-81DF-FCCDDD80847F}"
EndProject
Project("{9A19103F-16F7-4668-BE54-9A1E7A4F7556}") = "MovieCatalog.MemoryPersistense", "MovieCatalog.MemoryPersistense\MovieCatalog.MemoryPersistense.csproj", "{DED937AE-38A1-4CF9-8B35-F248EF0E8A08}"
EndProject
Project("{9A19103F-16F7-4668-BE54-9A1E7A4F7556}") = "MovieCatalog.ConsoleView", "MovieCatalog.ConsoleView\MovieCatalog.ConsoleView.csproj", "{34CDC17A-8C99-4385-BA02-9E21326C1856}"
EndProject
Project("{9A19103F-16F7-4668-BE54-9A1E7A4F7556}") = "MovieCatalog.RazorPagesView", "MovieCatalog.RazorPagesView\MovieCatalog.RazorPagesView.csproj", "{63030F99-03D1-438B-B07D-95EEC945DABE}"
EndProject
Project("{9A19103F-16F7-4668-BE54-9A1E7A4F7556}") = "MovieCatalog.MVCView", "MovieCatalog.MVCView\MovieCatalog.MVCView.csproj", "{3EA1EB99-E8C0-46D5-9B32-85088D34D04B}"
EndProject
Project("{9A19103F-16F7-4668-BE54-9A1E7A4F7556}") = "MovieCatalog.EfPersistence", "MovieCatalog.EfPersistence\MovieCatalog.EfPersistence.csproj", "{547B7A1B-431D-485B-B058-3DB3C98AEAB9}"
EndProject
Project("{FAE04EC0-301F-11D3-BF4B-00C04F79EFBC}") = "MovieCatalog.WebApiView", "MovieCatalog.WebApiView\MovieCatalog.WebApiView.csproj", "{86C726CF-6C0E-4AE3-B236-9BB6E702620C}"
EndProject
Global
	GlobalSection(SolutionConfigurationPlatforms) = preSolution
		Debug|Any CPU = Debug|Any CPU
		Release|Any CPU = Release|Any CPU
	EndGlobalSection
	GlobalSection(ProjectConfigurationPlatforms) = postSolution
		{B07EA40D-399D-4D6D-A581-746FBE7AF2AD}.Debug|Any CPU.ActiveCfg = Debug|Any CPU
		{B07EA40D-399D-4D6D-A581-746FBE7AF2AD}.Debug|Any CPU.Build.0 = Debug|Any CPU
		{B07EA40D-399D-4D6D-A581-746FBE7AF2AD}.Release|Any CPU.ActiveCfg = Release|Any CPU
		{B07EA40D-399D-4D6D-A581-746FBE7AF2AD}.Release|Any CPU.Build.0 = Release|Any CPU
		{55D56D4A-07E8-49F7-81DF-FCCDDD80847F}.Debug|Any CPU.ActiveCfg = Debug|Any CPU
		{55D56D4A-07E8-49F7-81DF-FCCDDD80847F}.Debug|Any CPU.Build.0 = Debug|Any CPU
		{55D56D4A-07E8-49F7-81DF-FCCDDD80847F}.Release|Any CPU.ActiveCfg = Release|Any CPU
		{55D56D4A-07E8-49F7-81DF-FCCDDD80847F}.Release|Any CPU.Build.0 = Release|Any CPU
		{DED937AE-38A1-4CF9-8B35-F248EF0E8A08}.Debug|Any CPU.ActiveCfg = Debug|Any CPU
		{DED937AE-38A1-4CF9-8B35-F248EF0E8A08}.Debug|Any CPU.Build.0 = Debug|Any CPU
		{DED937AE-38A1-4CF9-8B35-F248EF0E8A08}.Release|Any CPU.ActiveCfg = Release|Any CPU
		{DED937AE-38A1-4CF9-8B35-F248EF0E8A08}.Release|Any CPU.Build.0 = Release|Any CPU
		{34CDC17A-8C99-4385-BA02-9E21326C1856}.Debug|Any CPU.ActiveCfg = Debug|Any CPU
		{34CDC17A-8C99-4385-BA02-9E21326C1856}.Debug|Any CPU.Build.0 = Debug|Any CPU
		{34CDC17A-8C99-4385-BA02-9E21326C1856}.Release|Any CPU.ActiveCfg = Release|Any CPU
		{34CDC17A-8C99-4385-BA02-9E21326C1856}.Release|Any CPU.Build.0 = Release|Any CPU
		{63030F99-03D1-438B-B07D-95EEC945DABE}.Debug|Any CPU.ActiveCfg = Debug|Any CPU
		{63030F99-03D1-438B-B07D-95EEC945DABE}.Debug|Any CPU.Build.0 = Debug|Any CPU
		{63030F99-03D1-438B-B07D-95EEC945DABE}.Release|Any CPU.ActiveCfg = Release|Any CPU
		{63030F99-03D1-438B-B07D-95EEC945DABE}.Release|Any CPU.Build.0 = Release|Any CPU
		{3EA1EB99-E8C0-46D5-9B32-85088D34D04B}.Debug|Any CPU.ActiveCfg = Debug|Any CPU
		{3EA1EB99-E8C0-46D5-9B32-85088D34D04B}.Debug|Any CPU.Build.0 = Debug|Any CPU
		{3EA1EB99-E8C0-46D5-9B32-85088D34D04B}.Release|Any CPU.ActiveCfg = Release|Any CPU
		{3EA1EB99-E8C0-46D5-9B32-85088D34D04B}.Release|Any CPU.Build.0 = Release|Any CPU
		{547B7A1B-431D-485B-B058-3DB3C98AEAB9}.Debug|Any CPU.ActiveCfg = Debug|Any CPU
		{547B7A1B-431D-485B-B058-3DB3C98AEAB9}.Debug|Any CPU.Build.0 = Debug|Any CPU
		{547B7A1B-431D-485B-B058-3DB3C98AEAB9}.Release|Any CPU.ActiveCfg = Release|Any CPU
		{547B7A1B-431D-485B-B058-3DB3C98AEAB9}.Release|Any CPU.Build.0 = Release|Any CPU
		{86C726CF-6C0E-4AE3-B236-9BB6E702620C}.Debug|Any CPU.ActiveCfg = Debug|Any CPU
		{86C726CF-6C0E-4AE3-B236-9BB6E702620C}.Debug|Any CPU.Build.0 = Debug|Any CPU
		{86C726CF-6C0E-4AE3-B236-9BB6E702620C}.Release|Any CPU.ActiveCfg = Release|Any CPU
		{86C726CF-6C0E-4AE3-B236-9BB6E702620C}.Release|Any CPU.Build.0 = Release|Any CPU
	EndGlobalSection
	GlobalSection(SolutionProperties) = preSolution
		HideSolutionNode = FALSE
	EndGlobalSection
	GlobalSection(ExtensibilityGlobals) = postSolution
		SolutionGuid = {D7DCDC4D-D505-47E7-9588-2D124FA98303}
	EndGlobalSection
EndGlobal
