
Microsoft Visual Studio Solution File, Format Version 12.00
# Visual Studio Version 17
VisualStudioVersion = 17.7.34024.191
MinimumVisualStudioVersion = 10.0.40219.1
Project("{9A19103F-16F7-4668-BE54-9A1E7A4F7556}") = "NovelCatalog.Domain", "MovieCatalog.Domain\NovelCatalog.Domain.csproj", "{B07EA40D-399D-4D6D-A581-746FBE7AF2AD}"
EndProject
Project("{9A19103F-16F7-4668-BE54-9A1E7A4F7556}") = "NovelCatalog.Application", "MovieCatalog.Application\NovelCatalog.Application.csproj", "{55D56D4A-07E8-49F7-81DF-FCCDDD80847F}"
EndProject
Project("{9A19103F-16F7-4668-BE54-9A1E7A4F7556}") = "NovelCatalog.MVCView", "NovelCatalog\NovelCatalog.MVCView.csproj", "{3819D56F-A4BD-45EE-BD74-26542051E547}"
EndProject
Project("{9A19103F-16F7-4668-BE54-9A1E7A4F7556}") = "NovelCatalog.EfPersistence", "NovelCatalog.EfPersistence\NovelCatalog.EfPersistence.csproj", "{2BF8EF67-1E50-42E6-A20B-1EE47123A7A7}"
EndProject
Global
	GlobalSection(SolutionConfigurationPlatforms) = preSolution
		Debug|Any CPU = Debug|Any CPU
		Release|Any CPU = Release|Any CPU
	EndGlobalSection
	GlobalSection(ProjectConfigurationPlatforms) = postSolution
		{B07EA40D-399D-4D6D-A581-746FBE7AF2AD}.Debug|Any CPU.ActiveCfg = Debug|Any CPU
		{B07EA40D-399D-4D6D-A581-746FBE7AF2AD}.Debug|Any CPU.Build.0 = Debug|Any CPU
		{B07EA40D-399D-4D6D-A581-746FBE7AF2AD}.Release|Any CPU.ActiveCfg = Release|Any CPU
		{B07EA40D-399D-4D6D-A581-746FBE7AF2AD}.Release|Any CPU.Build.0 = Release|Any CPU
		{55D56D4A-07E8-49F7-81DF-FCCDDD80847F}.Debug|Any CPU.ActiveCfg = Debug|Any CPU
		{55D56D4A-07E8-49F7-81DF-FCCDDD80847F}.Debug|Any CPU.Build.0 = Debug|Any CPU
		{55D56D4A-07E8-49F7-81DF-FCCDDD80847F}.Release|Any CPU.ActiveCfg = Release|Any CPU
		{55D56D4A-07E8-49F7-81DF-FCCDDD80847F}.Release|Any CPU.Build.0 = Release|Any CPU
		{3819D56F-A4BD-45EE-BD74-26542051E547}.Debug|Any CPU.ActiveCfg = Debug|Any CPU
		{3819D56F-A4BD-45EE-BD74-26542051E547}.Debug|Any CPU.Build.0 = Debug|Any CPU
		{3819D56F-A4BD-45EE-BD74-26542051E547}.Release|Any CPU.ActiveCfg = Release|Any CPU
		{3819D56F-A4BD-45EE-BD74-26542051E547}.Release|Any CPU.Build.0 = Release|Any CPU
		{2BF8EF67-1E50-42E6-A20B-1EE47123A7A7}.Debug|Any CPU.ActiveCfg = Debug|Any CPU
		{2BF8EF67-1E50-42E6-A20B-1EE47123A7A7}.Debug|Any CPU.Build.0 = Debug|Any CPU
		{2BF8EF67-1E50-42E6-A20B-1EE47123A7A7}.Release|Any CPU.ActiveCfg = Release|Any CPU
		{2BF8EF67-1E50-42E6-A20B-1EE47123A7A7}.Release|Any CPU.Build.0 = Release|Any CPU
	EndGlobalSection
	GlobalSection(SolutionProperties) = preSolution
		HideSolutionNode = FALSE
	EndGlobalSection
	GlobalSection(ExtensibilityGlobals) = postSolution
		SolutionGuid = {D7DCDC4D-D505-47E7-9588-2D124FA98303}
	EndGlobalSection
EndGlobal
